
Microsoft Visual Studio Solution File, Format Version 12.00
# Visual Studio Version 16
VisualStudioVersion = 16.0.32228.343
MinimumVisualStudioVersion = 10.0.40219.1
Project("{FAE04EC0-301F-11D3-BF4B-00C04F79EFBC}") = "Lab01a-NumbersGame", "Lab01a-NumbersGame\Lab01a-NumbersGame.csproj", "{8BE65FC7-2F7D-4B6A-BD30-B1EB66752DC5}"
EndProject
Global
	GlobalSection(SolutionConfigurationPlatforms) = preSolution
		Debug|Any CPU = Debug|Any CPU
		Release|Any CPU = Release|Any CPU
	EndGlobalSection
	GlobalSection(ProjectConfigurationPlatforms) = postSolution
		{8BE65FC7-2F7D-4B6A-BD30-B1EB66752DC5}.Debug|Any CPU.ActiveCfg = Debug|Any CPU
		{8BE65FC7-2F7D-4B6A-BD30-B1EB66752DC5}.Debug|Any CPU.Build.0 = Debug|Any CPU
		{8BE65FC7-2F7D-4B6A-BD30-B1EB66752DC5}.Release|Any CPU.ActiveCfg = Release|Any CPU
		{8BE65FC7-2F7D-4B6A-BD30-B1EB66752DC5}.Release|Any CPU.Build.0 = Release|Any CPU
	EndGlobalSection
	GlobalSection(SolutionProperties) = preSolution
		HideSolutionNode = FALSE
	EndGlobalSection
	GlobalSection(ExtensibilityGlobals) = postSolution
		SolutionGuid = {F19CFD1C-FDAF-43E6-AB14-79E9C802A66C}
	EndGlobalSection
EndGlobal
